// !$*UTF8*$!
{
	archiveVersion = 1;
	classes = {
	};
	objectVersion = 50;
	objects = {

/* Begin PBXBuildFile section */
		C20194A8247529B600DC4E33 /* AppDelegate.swift in Sources */ = {isa = PBXBuildFile; fileRef = C20194A7247529B600DC4E33 /* AppDelegate.swift */; };
		C20194AA247529B600DC4E33 /* SceneDelegate.swift in Sources */ = {isa = PBXBuildFile; fileRef = C20194A9247529B600DC4E33 /* SceneDelegate.swift */; };
		C20194AC247529B600DC4E33 /* ViewController.swift in Sources */ = {isa = PBXBuildFile; fileRef = C20194AB247529B600DC4E33 /* ViewController.swift */; };
		C20194AF247529B600DC4E33 /* Main.storyboard in Resources */ = {isa = PBXBuildFile; fileRef = C20194AD247529B600DC4E33 /* Main.storyboard */; };
		C20194B1247529BD00DC4E33 /* Assets.xcassets in Resources */ = {isa = PBXBuildFile; fileRef = C20194B0247529BD00DC4E33 /* Assets.xcassets */; };
		C20194B4247529BD00DC4E33 /* LaunchScreen.storyboard in Resources */ = {isa = PBXBuildFile; fileRef = C20194B2247529BD00DC4E33 /* LaunchScreen.storyboard */; };
/* End PBXBuildFile section */

/* Begin PBXFileReference section */
		C20194A4247529B600DC4E33 /* VoiceText.app */ = {isa = PBXFileReference; explicitFileType = wrapper.application; includeInIndex = 0; path = VoiceText.app; sourceTree = BUILT_PRODUCTS_DIR; };
		C20194A7247529B600DC4E33 /* AppDelegate.swift */ = {isa = PBXFileReference; lastKnownFileType = sourcecode.swift; path = AppDelegate.swift; sourceTree = "<group>"; };
		C20194A9247529B600DC4E33 /* SceneDelegate.swift */ = {isa = PBXFileReference; lastKnownFileType = sourcecode.swift; path = SceneDelegate.swift; sourceTree = "<group>"; };
		C20194AB247529B600DC4E33 /* ViewController.swift */ = {isa = PBXFileReference; lastKnownFileType = sourcecode.swift; path = ViewController.swift; sourceTree = "<group>"; };
		C20194AE247529B600DC4E33 /* Base */ = {isa = PBXFileReference; lastKnownFileType = file.storyboard; name = Base; path = Base.lproj/Main.storyboard; sourceTree = "<group>"; };
		C20194B0247529BD00DC4E33 /* Assets.xcassets */ = {isa = PBXFileReference; lastKnownFileType = folder.assetcatalog; path = Assets.xcassets; sourceTree = "<group>"; };
		C20194B3247529BD00DC4E33 /* Base */ = {isa = PBXFileReference; lastKnownFileType = file.storyboard; name = Base; path = Base.lproj/LaunchScreen.storyboard; sourceTree = "<group>"; };
		C20194B5247529BD00DC4E33 /* Info.plist */ = {isa = PBXFileReference; lastKnownFileType = text.plist.xml; path = Info.plist; sourceTree = "<group>"; };
/* End PBXFileReference section */

/* Begin PBXFrameworksBuildPhase section */
		C20194A1247529B600DC4E33 /* Frameworks */ = {
			isa = PBXFrameworksBuildPhase;
			buildActionMask = 2147483647;
			files = (
			);
			runOnlyForDeploymentPostprocessing = 0;
		};
/* End PBXFrameworksBuildPhase section */

/* Begin PBXGroup section */
		C201949B247529B600DC4E33 = {
			isa = PBXGroup;
			children = (
				C20194A6247529B600DC4E33 /* VoiceText */,
				C20194A5247529B600DC4E33 /* Products */,
			);
			sourceTree = "<group>";
		};
		C20194A5247529B600DC4E33 /* Products */ = {
			isa = PBXGroup;
			children = (
				C20194A4247529B600DC4E33 /* VoiceText.app */,
			);
			name = Products;
			sourceTree = "<group>";
		};
		C20194A6247529B600DC4E33 /* VoiceText */ = {
			isa = PBXGroup;
			children = (
				C20194A7247529B600DC4E33 /* AppDelegate.swift */,
				C20194A9247529B600DC4E33 /* SceneDelegate.swift */,
				C20194AB247529B600DC4E33 /* ViewController.swift */,
				C20194AD247529B600DC4E33 /* Main.storyboard */,
				C20194B0247529BD00DC4E33 /* Assets.xcassets */,
				C20194B2247529BD00DC4E33 /* LaunchScreen.storyboard */,
				C20194B5247529BD00DC4E33 /* Info.plist */,
			);
			path = VoiceText;
			sourceTree = "<group>";
		};
/* End PBXGroup section */

/* Begin PBXNativeTarget section */
		C20194A3247529B600DC4E33 /* VoiceText */ = {
			isa = PBXNativeTarget;
			buildConfigurationList = C20194B8247529BD00DC4E33 /* Build configuration list for PBXNativeTarget "VoiceText" */;
			buildPhases = (
				C20194A0247529B600DC4E33 /* Sources */,
				C20194A1247529B600DC4E33 /* Frameworks */,
				C20194A2247529B600DC4E33 /* Resources */,
			);
			buildRules = (
			);
			dependencies = (
			);
			name = VoiceText;
			productName = VoiceText;
			productReference = C20194A4247529B600DC4E33 /* VoiceText.app */;
			productType = "com.apple.product-type.application";
		};
/* End PBXNativeTarget section */

/* Begin PBXProject section */
		C201949C247529B600DC4E33 /* Project object */ = {
			isa = PBXProject;
			attributes = {
				LastSwiftUpdateCheck = 1130;
				LastUpgradeCheck = 1130;
				ORGANIZATIONNAME = "Filipp Slabodetsky";
				TargetAttributes = {
					C20194A3247529B600DC4E33 = {
						CreatedOnToolsVersion = 11.3.1;
					};
				};
			};
			buildConfigurationList = C201949F247529B600DC4E33 /* Build configuration list for PBXProject "VoiceText" */;
			compatibilityVersion = "Xcode 9.3";
			developmentRegion = en;
			hasScannedForEncodings = 0;
			knownRegions = (
				en,
				Base,
			);
			mainGroup = C201949B247529B600DC4E33;
			productRefGroup = C20194A5247529B600DC4E33 /* Products */;
			projectDirPath = "";
			projectRoot = "";
			targets = (
				C20194A3247529B600DC4E33 /* VoiceText */,
			);
		};
/* End PBXProject section */

/* Begin PBXResourcesBuildPhase section */
		C20194A2247529B600DC4E33 /* Resources */ = {
			isa = PBXResourcesBuildPhase;
			buildActionMask = 2147483647;
			files = (
				C20194B4247529BD00DC4E33 /* LaunchScreen.storyboard in Resources */,
				C20194B1247529BD00DC4E33 /* Assets.xcassets in Resources */,
				C20194AF247529B600DC4E33 /* Main.storyboard in Resources */,
			);
			runOnlyForDeploymentPostprocessing = 0;
		};
/* End PBXResourcesBuildPhase section */

/* Begin PBXSourcesBuildPhase section */
		C20194A0247529B600DC4E33 /* Sources */ = {
			isa = PBXSourcesBuildPhase;
			buildActionMask = 2147483647;
			files = (
				C20194AC247529B600DC4E33 /* ViewController.swift in Sources */,
				C20194A8247529B600DC4E33 /* AppDelegate.swift in Sources */,
				C20194AA247529B600DC4E33 /* SceneDelegate.swift in Sources */,
			);
			runOnlyForDeploymentPostprocessing = 0;
		};
/* End PBXSourcesBuildPhase section */

/* Begin PBXVariantGroup section */
		C20194AD247529B600DC4E33 /* Main.storyboard */ = {
			isa = PBXVariantGroup;
			children = (
				C20194AE247529B600DC4E33 /* Base */,
			);
			name = Main.storyboard;
			sourceTree = "<group>";
		};
		C20194B2247529BD00DC4E33 /* LaunchScreen.storyboard */ = {
			isa = PBXVariantGroup;
			children = (
				C20194B3247529BD00DC4E33 /* Base */,
			);
			name = LaunchScreen.storyboard;
			sourceTree = "<group>";
		};
/* End PBXVariantGroup section */

/* Begin XCBuildConfiguration section */
		C20194B6247529BD00DC4E33 /* Debug */ = {
			isa = XCBuildConfiguration;
			buildSettings = {
				ALWAYS_SEARCH_USER_PATHS = NO;
				CLANG_ANALYZER_NONNULL = YES;
				CLANG_ANALYZER_NUMBER_OBJECT_CONVERSION = YES_AGGRESSIVE;
				CLANG_CXX_LANGUAGE_STANDARD = "gnu++14";
				CLANG_CXX_LIBRARY = "libc++";
				CLANG_ENABLE_MODULES = YES;
				CLANG_ENABLE_OBJC_ARC = YES;
				CLANG_ENABLE_OBJC_WEAK = YES;
				CLANG_WARN_BLOCK_CAPTURE_AUTORELEASING = YES;
				CLANG_WARN_BOOL_CONVERSION = YES;
				CLANG_WARN_COMMA = YES;
				CLANG_WARN_CONSTANT_CONVERSION = YES;
				CLANG_WARN_DEPRECATED_OBJC_IMPLEMENTATIONS = YES;
				CLANG_WARN_DIRECT_OBJC_ISA_USAGE = YES_ERROR;
				CLANG_WARN_DOCUMENTATION_COMMENTS = YES;
				CLANG_WARN_EMPTY_BODY = YES;
				CLANG_WARN_ENUM_CONVERSION = YES;
				CLANG_WARN_INFINITE_RECURSION = YES;
				CLANG_WARN_INT_CONVERSION = YES;
				CLANG_WARN_NON_LITERAL_NULL_CONVERSION = YES;
				CLANG_WARN_OBJC_IMPLICIT_RETAIN_SELF = YES;
				CLANG_WARN_OBJC_LITERAL_CONVERSION = YES;
				CLANG_WARN_OBJC_ROOT_CLASS = YES_ERROR;
				CLANG_WARN_RANGE_LOOP_ANALYSIS = YES;
				CLANG_WARN_STRICT_PROTOTYPES = YES;
				CLANG_WARN_SUSPICIOUS_MOVE = YES;
				CLANG_WARN_UNGUARDED_AVAILABILITY = YES_AGGRESSIVE;
				CLANG_WARN_UNREACHABLE_CODE = YES;
				CLANG_WARN__DUPLICATE_METHOD_MATCH = YES;
				COPY_PHASE_STRIP = NO;
				DEBUG_INFORMATION_FORMAT = dwarf;
				ENABLE_STRICT_OBJC_MSGSEND = YES;
				ENABLE_TESTABILITY = YES;
				GCC_C_LANGUAGE_STANDARD = gnu11;
				GCC_DYNAMIC_NO_PIC = NO;
				GCC_NO_COMMON_BLOCKS = YES;
				GCC_OPTIMIZATION_LEVEL = 0;
				GCC_PREPROCESSOR_DEFINITIONS = (
					"DEBUG=1",
					"$(inherited)",
				);
				GCC_WARN_64_TO_32_BIT_CONVERSION = YES;
				GCC_WARN_ABOUT_RETURN_TYPE = YES_ERROR;
				GCC_WARN_UNDECLARED_SELECTOR = YES;
				GCC_WARN_UNINITIALIZED_AUTOS = YES_AGGRESSIVE;
				GCC_WARN_UNUSED_FUNCTION = YES;
				GCC_WARN_UNUSED_VARIABLE = YES;
				IPHONEOS_DEPLOYMENT_TARGET = 13.2;
				MTL_ENABLE_DEBUG_INFO = INCLUDE_SOURCE;
				MTL_FAST_MATH = YES;
				ONLY_ACTIVE_ARCH = YES;
				SDKROOT = iphoneos;
				SWIFT_ACTIVE_COMPILATION_CONDITIONS = DEBUG;
				SWIFT_OPTIMIZATION_LEVEL = "-Onone";
			};
			name = Debug;
		};
		C20194B7247529BD00DC4E33 /* Release */ = {
			isa = XCBuildConfiguration;
			buildSettings = {
				ALWAYS_SEARCH_USER_PATHS = NO;
				CLANG_ANALYZER_NONNULL = YES;
				CLANG_ANALYZER_NUMBER_OBJECT_CONVERSION = YES_AGGRESSIVE;
				CLANG_CXX_LANGUAGE_STANDARD = "gnu++14";
				CLANG_CXX_LIBRARY = "libc++";
				CLANG_ENABLE_MODULES = YES;
				CLANG_ENABLE_OBJC_ARC = YES;
				CLANG_ENABLE_OBJC_WEAK = YES;
				CLANG_WARN_BLOCK_CAPTURE_AUTORELEASING = YES;
				CLANG_WARN_BOOL_CONVERSION = YES;
				CLANG_WARN_COMMA = YES;
				CLANG_WARN_CONSTANT_CONVERSION = YES;
				CLANG_WARN_DEPRECATED_OBJC_IMPLEMENTATIONS = YES;
				CLANG_WARN_DIRECT_OBJC_ISA_USAGE = YES_ERROR;
				CLANG_WARN_DOCUMENTATION_COMMENTS = YES;
				CLANG_WARN_EMPTY_BODY = YES;
				CLANG_WARN_ENUM_CONVERSION = YES;
				CLANG_WARN_INFINITE_RECURSION = YES;
				CLANG_WARN_INT_CONVERSION = YES;
				CLANG_WARN_NON_LITERAL_NULL_CONVERSION = YES;
				CLANG_WARN_OBJC_IMPLICIT_RETAIN_SELF = YES;
				CLANG_WARN_OBJC_LITERAL_CONVERSION = YES;
				CLANG_WARN_OBJC_ROOT_CLASS = YES_ERROR;
				CLANG_WARN_RANGE_LOOP_ANALYSIS = YES;
				CLANG_WARN_STRICT_PROTOTYPES = YES;
				CLANG_WARN_SUSPICIOUS_MOVE = YES;
				CLANG_WARN_UNGUARDED_AVAILABILITY = YES_AGGRESSIVE;
				CLANG_WARN_UNREACHABLE_CODE = YES;
				CLANG_WARN__DUPLICATE_METHOD_MATCH = YES;
				COPY_PHASE_STRIP = NO;
				DEBUG_INFORMATION_FORMAT = "dwarf-with-dsym";
				ENABLE_NS_ASSERTIONS = NO;
				ENABLE_STRICT_OBJC_MSGSEND = YES;
				GCC_C_LANGUAGE_STANDARD = gnu11;
				GCC_NO_COMMON_BLOCKS = YES;
				GCC_WARN_64_TO_32_BIT_CONVERSION = YES;
				GCC_WARN_ABOUT_RETURN_TYPE = YES_ERROR;
				GCC_WARN_UNDECLARED_SELECTOR = YES;
				GCC_WARN_UNINITIALIZED_AUTOS = YES_AGGRESSIVE;
				GCC_WARN_UNUSED_FUNCTION = YES;
				GCC_WARN_UNUSED_VARIABLE = YES;
				IPHONEOS_DEPLOYMENT_TARGET = 13.2;
				MTL_ENABLE_DEBUG_INFO = NO;
				MTL_FAST_MATH = YES;
				SDKROOT = iphoneos;
				SWIFT_COMPILATION_MODE = wholemodule;
				SWIFT_OPTIMIZATION_LEVEL = "-O";
				VALIDATE_PRODUCT = YES;
			};
			name = Release;
		};
		C20194B9247529BD00DC4E33 /* Debug */ = {
			isa = XCBuildConfiguration;
			buildSettings = {
				ASSETCATALOG_COMPILER_APPICON_NAME = AppIcon;
				CODE_SIGN_STYLE = Automatic;
				DEVELOPMENT_TEAM = 25QX723DQA;
				INFOPLIST_FILE = VoiceText/Info.plist;
				LD_RUNPATH_SEARCH_PATHS = (
					"$(inherited)",
					"@executable_path/Frameworks",
				);
				PRODUCT_BUNDLE_IDENTIFIER = "Filipp-Slabodetsky.VoiceText";
				PRODUCT_NAME = "$(TARGET_NAME)";
				SWIFT_VERSION = 5.0;
				TARGETED_DEVICE_FAMILY = "1,2";
			};
			name = Debug;
		};
		C20194BA247529BD00DC4E33 /* Release */ = {
			isa = XCBuildConfiguration;
			buildSettings = {
				ASSETCATALOG_COMPILER_APPICON_NAME = AppIcon;
				CODE_SIGN_STYLE = Automatic;
				DEVELOPMENT_TEAM = 25QX723DQA;
				INFOPLIST_FILE = VoiceText/Info.plist;
				LD_RUNPATH_SEARCH_PATHS = (
					"$(inherited)",
					"@executable_path/Frameworks",
				);
				PRODUCT_BUNDLE_IDENTIFIER = "Filipp-Slabodetsky.VoiceText";
				PRODUCT_NAME = "$(TARGET_NAME)";
				SWIFT_VERSION = 5.0;
				TARGETED_DEVICE_FAMILY = "1,2";
			};
			name = Release;
		};
/* End XCBuildConfiguration section */

/* Begin XCConfigurationList section */
		C201949F247529B600DC4E33 /* Build configuration list for PBXProject "VoiceText" */ = {
			isa = XCConfigurationList;
			buildConfigurations = (
				C20194B6247529BD00DC4E33 /* Debug */,
				C20194B7247529BD00DC4E33 /* Release */,
			);
			defaultConfigurationIsVisible = 0;
			defaultConfigurationName = Release;
		};
		C20194B8247529BD00DC4E33 /* Build configuration list for PBXNativeTarget "VoiceText" */ = {
			isa = XCConfigurationList;
			buildConfigurations = (
				C20194B9247529BD00DC4E33 /* Debug */,
				C20194BA247529BD00DC4E33 /* Release */,
			);
			defaultConfigurationIsVisible = 0;
			defaultConfigurationName = Release;
		};
/* End XCConfigurationList section */
	};
	rootObject = C201949C247529B600DC4E33 /* Project object */;
}
